
Microsoft Visual Studio Solution File, Format Version 12.00
# Visual Studio 15
VisualStudioVersion = 15.0.26730.16
MinimumVisualStudioVersion = 10.0.40219.1
Project("{FAE04EC0-301F-11D3-BF4B-00C04F79EFBC}") = "Excell reader", "Excell reader\Excell reader.csproj", "{7D1463C3-C196-4A37-86DD-6529A71D104E}"
EndProject
Global
	GlobalSection(SolutionConfigurationPlatforms) = preSolution
		Debug|Any CPU = Debug|Any CPU
		Release|Any CPU = Release|Any CPU
	EndGlobalSection
	GlobalSection(ProjectConfigurationPlatforms) = postSolution
		{7D1463C3-C196-4A37-86DD-6529A71D104E}.Debug|Any CPU.ActiveCfg = Debug|Any CPU
		{7D1463C3-C196-4A37-86DD-6529A71D104E}.Debug|Any CPU.Build.0 = Debug|Any CPU
		{7D1463C3-C196-4A37-86DD-6529A71D104E}.Release|Any CPU.ActiveCfg = Release|Any CPU
		{7D1463C3-C196-4A37-86DD-6529A71D104E}.Release|Any CPU.Build.0 = Release|Any CPU
	EndGlobalSection
	GlobalSection(SolutionProperties) = preSolution
		HideSolutionNode = FALSE
	EndGlobalSection
	GlobalSection(ExtensibilityGlobals) = postSolution
		SolutionGuid = {E044453A-91C9-4EF3-B15C-E1C2444F4026}
	EndGlobalSection
EndGlobal
